
Microsoft Visual Studio Solution File, Format Version 12.00
# Visual Studio Version 16
VisualStudioVersion = 16.0.33027.164
MinimumVisualStudioVersion = 10.0.40219.1
Project("{FAE04EC0-301F-11D3-BF4B-00C04F79EFBC}") = "TRMDataManager", "TRMDataManager\TRMDataManager.csproj", "{D8354118-4C6D-4573-9C6C-4F882C88F3AB}"
EndProject
Global
	GlobalSection(SolutionConfigurationPlatforms) = preSolution
		Debug|Any CPU = Debug|Any CPU
		Release|Any CPU = Release|Any CPU
	EndGlobalSection
	GlobalSection(ProjectConfigurationPlatforms) = postSolution
		{D8354118-4C6D-4573-9C6C-4F882C88F3AB}.Debug|Any CPU.ActiveCfg = Debug|Any CPU
		{D8354118-4C6D-4573-9C6C-4F882C88F3AB}.Debug|Any CPU.Build.0 = Debug|Any CPU
		{D8354118-4C6D-4573-9C6C-4F882C88F3AB}.Release|Any CPU.ActiveCfg = Release|Any CPU
		{D8354118-4C6D-4573-9C6C-4F882C88F3AB}.Release|Any CPU.Build.0 = Release|Any CPU
	EndGlobalSection
	GlobalSection(SolutionProperties) = preSolution
		HideSolutionNode = FALSE
	EndGlobalSection
	GlobalSection(ExtensibilityGlobals) = postSolution
		SolutionGuid = {775A1D69-EDD4-4F9F-848F-99FA3CEEADDD}
	EndGlobalSection
EndGlobal
